// !$*UTF8*$!
{
	archiveVersion = 1;
	classes = {
	};
	objectVersion = 56;
	objects = {

/* Begin PBXBuildFile section */
		D0314AE128B02ED200032DDE /* UserStaticData.json in Resources */ = {isa = PBXBuildFile; fileRef = D0314AE028B02ED200032DDE /* UserStaticData.json */; };
		D0314AE328B0891C00032DDE /* SingleUserData.json in Resources */ = {isa = PBXBuildFile; fileRef = D0314AE228B0891C00032DDE /* SingleUserData.json */; };
		D0314AE528B08DB400032DDE /* UserDetailResponse.swift in Sources */ = {isa = PBXBuildFile; fileRef = D0314AE428B08DB400032DDE /* UserDetailResponse.swift */; };
		D0314AE728B08EFC00032DDE /* UsersResponse.swift in Sources */ = {isa = PBXBuildFile; fileRef = D0314AE628B08EFC00032DDE /* UsersResponse.swift */; };
		D0314AEA28B2F36400032DDE /* Models.swift in Sources */ = {isa = PBXBuildFile; fileRef = D0314AE928B2F36400032DDE /* Models.swift */; };
		D0314AED28B2F42500032DDE /* StaticJSONMapper.swift in Sources */ = {isa = PBXBuildFile; fileRef = D0314AEC28B2F42500032DDE /* StaticJSONMapper.swift */; };
		D0314AF128B306DD00032DDE /* PeopleView.swift in Sources */ = {isa = PBXBuildFile; fileRef = D0314AF028B306DD00032DDE /* PeopleView.swift */; };
		D03D87C128B721170071DB88 /* DetailView.swift in Sources */ = {isa = PBXBuildFile; fileRef = D03D87C028B721170071DB88 /* DetailView.swift */; };
		D03DC34428B47F650094307C /* PersonItemView.swift in Sources */ = {isa = PBXBuildFile; fileRef = D03DC34328B47F650094307C /* PersonItemView.swift */; };
		D03DC34728B4865F0094307C /* PillView.swift in Sources */ = {isa = PBXBuildFile; fileRef = D03DC34628B4865F0094307C /* PillView.swift */; };
		D04AEFB228D188AD0011B124 /* CheckmarkPopoverView.swift in Sources */ = {isa = PBXBuildFile; fileRef = D04AEFB128D188AD0011B124 /* CheckmarkPopoverView.swift */; };
		D0508F9E28BDC0D1005FE580 /* CreateView.swift in Sources */ = {isa = PBXBuildFile; fileRef = D0508F9D28BDC0D1005FE580 /* CreateView.swift */; };
		D0508FA128C9AB0F005FE580 /* NetworkingManager.swift in Sources */ = {isa = PBXBuildFile; fileRef = D0508FA028C9AB0F005FE580 /* NetworkingManager.swift */; };
		D082683C289B6BE700377314 /* iOSTakeHomeProjectApp.swift in Sources */ = {isa = PBXBuildFile; fileRef = D082683B289B6BE700377314 /* iOSTakeHomeProjectApp.swift */; };
		D0826840289B6BE800377314 /* Assets.xcassets in Resources */ = {isa = PBXBuildFile; fileRef = D082683F289B6BE800377314 /* Assets.xcassets */; };
		D0826844289B6BE800377314 /* Preview Assets.xcassets in Resources */ = {isa = PBXBuildFile; fileRef = D0826843289B6BE800377314 /* Preview Assets.xcassets */; };
		D082684C289B702900377314 /* Symbols.swift in Sources */ = {isa = PBXBuildFile; fileRef = D082684B289B702900377314 /* Symbols.swift */; };
		D082684E289B7B5A00377314 /* Theme.swift in Sources */ = {isa = PBXBuildFile; fileRef = D082684D289B7B5A00377314 /* Theme.swift */; };
		D0901E0628CC12AA00DC385C /* PeopleViewModel.swift in Sources */ = {isa = PBXBuildFile; fileRef = D0901E0528CC12AA00DC385C /* PeopleViewModel.swift */; };
		D0901E0828CC402E00DC385C /* DetailViewModel.swift in Sources */ = {isa = PBXBuildFile; fileRef = D0901E0728CC402E00DC385C /* DetailViewModel.swift */; };
		D0901E0A28CD6F5E00DC385C /* NewPerson.swift in Sources */ = {isa = PBXBuildFile; fileRef = D0901E0928CD6F5E00DC385C /* NewPerson.swift */; };
		D0901E0C28CD6FD200DC385C /* CreateViewModel.swift in Sources */ = {isa = PBXBuildFile; fileRef = D0901E0B28CD6FD200DC385C /* CreateViewModel.swift */; };
		D0B2A87B28DAAE86006C6B9F /* CreateValidator.swift in Sources */ = {isa = PBXBuildFile; fileRef = D0B2A87A28DAAE86006C6B9F /* CreateValidator.swift */; };
/* End PBXBuildFile section */

/* Begin PBXFileReference section */
		D0314AE028B02ED200032DDE /* UserStaticData.json */ = {isa = PBXFileReference; lastKnownFileType = text.json; path = UserStaticData.json; sourceTree = "<group>"; };
		D0314AE228B0891C00032DDE /* SingleUserData.json */ = {isa = PBXFileReference; lastKnownFileType = text.json; path = SingleUserData.json; sourceTree = "<group>"; };
		D0314AE428B08DB400032DDE /* UserDetailResponse.swift */ = {isa = PBXFileReference; lastKnownFileType = sourcecode.swift; path = UserDetailResponse.swift; sourceTree = "<group>"; };
		D0314AE628B08EFC00032DDE /* UsersResponse.swift */ = {isa = PBXFileReference; lastKnownFileType = sourcecode.swift; path = UsersResponse.swift; sourceTree = "<group>"; };
		D0314AE928B2F36400032DDE /* Models.swift */ = {isa = PBXFileReference; lastKnownFileType = sourcecode.swift; path = Models.swift; sourceTree = "<group>"; };
		D0314AEC28B2F42500032DDE /* StaticJSONMapper.swift */ = {isa = PBXFileReference; lastKnownFileType = sourcecode.swift; path = StaticJSONMapper.swift; sourceTree = "<group>"; };
		D0314AF028B306DD00032DDE /* PeopleView.swift */ = {isa = PBXFileReference; lastKnownFileType = sourcecode.swift; path = PeopleView.swift; sourceTree = "<group>"; };
		D03D87C028B721170071DB88 /* DetailView.swift */ = {isa = PBXFileReference; lastKnownFileType = sourcecode.swift; path = DetailView.swift; sourceTree = "<group>"; };
		D03DC34328B47F650094307C /* PersonItemView.swift */ = {isa = PBXFileReference; lastKnownFileType = sourcecode.swift; path = PersonItemView.swift; sourceTree = "<group>"; };
		D03DC34628B4865F0094307C /* PillView.swift */ = {isa = PBXFileReference; lastKnownFileType = sourcecode.swift; path = PillView.swift; sourceTree = "<group>"; };
		D04AEFB128D188AD0011B124 /* CheckmarkPopoverView.swift */ = {isa = PBXFileReference; lastKnownFileType = sourcecode.swift; path = CheckmarkPopoverView.swift; sourceTree = "<group>"; };
		D0508F9D28BDC0D1005FE580 /* CreateView.swift */ = {isa = PBXFileReference; lastKnownFileType = sourcecode.swift; path = CreateView.swift; sourceTree = "<group>"; };
		D0508FA028C9AB0F005FE580 /* NetworkingManager.swift */ = {isa = PBXFileReference; lastKnownFileType = sourcecode.swift; path = NetworkingManager.swift; sourceTree = "<group>"; };
		D0826838289B6BE700377314 /* iOSTakeHomeProject.app */ = {isa = PBXFileReference; explicitFileType = wrapper.application; includeInIndex = 0; path = iOSTakeHomeProject.app; sourceTree = BUILT_PRODUCTS_DIR; };
		D082683B289B6BE700377314 /* iOSTakeHomeProjectApp.swift */ = {isa = PBXFileReference; lastKnownFileType = sourcecode.swift; path = iOSTakeHomeProjectApp.swift; sourceTree = "<group>"; };
		D082683F289B6BE800377314 /* Assets.xcassets */ = {isa = PBXFileReference; lastKnownFileType = folder.assetcatalog; path = Assets.xcassets; sourceTree = "<group>"; };
		D0826841289B6BE800377314 /* iOSTakeHomeProject.entitlements */ = {isa = PBXFileReference; lastKnownFileType = text.plist.entitlements; path = iOSTakeHomeProject.entitlements; sourceTree = "<group>"; };
		D0826843289B6BE800377314 /* Preview Assets.xcassets */ = {isa = PBXFileReference; lastKnownFileType = folder.assetcatalog; path = "Preview Assets.xcassets"; sourceTree = "<group>"; };
		D082684B289B702900377314 /* Symbols.swift */ = {isa = PBXFileReference; lastKnownFileType = sourcecode.swift; path = Symbols.swift; sourceTree = "<group>"; };
		D082684D289B7B5A00377314 /* Theme.swift */ = {isa = PBXFileReference; lastKnownFileType = sourcecode.swift; path = Theme.swift; sourceTree = "<group>"; };
		D0901E0528CC12AA00DC385C /* PeopleViewModel.swift */ = {isa = PBXFileReference; lastKnownFileType = sourcecode.swift; path = PeopleViewModel.swift; sourceTree = "<group>"; };
		D0901E0728CC402E00DC385C /* DetailViewModel.swift */ = {isa = PBXFileReference; lastKnownFileType = sourcecode.swift; path = DetailViewModel.swift; sourceTree = "<group>"; };
		D0901E0928CD6F5E00DC385C /* NewPerson.swift */ = {isa = PBXFileReference; lastKnownFileType = sourcecode.swift; path = NewPerson.swift; sourceTree = "<group>"; };
		D0901E0B28CD6FD200DC385C /* CreateViewModel.swift */ = {isa = PBXFileReference; lastKnownFileType = sourcecode.swift; path = CreateViewModel.swift; sourceTree = "<group>"; };
		D0B2A87A28DAAE86006C6B9F /* CreateValidator.swift */ = {isa = PBXFileReference; lastKnownFileType = sourcecode.swift; path = CreateValidator.swift; sourceTree = "<group>"; };
		D0BF8CF7289EF4EF0045475C /* Info.plist */ = {isa = PBXFileReference; lastKnownFileType = text.plist; path = Info.plist; sourceTree = "<group>"; };
/* End PBXFileReference section */

/* Begin PBXFrameworksBuildPhase section */
		D0826835289B6BE700377314 /* Frameworks */ = {
			isa = PBXFrameworksBuildPhase;
			buildActionMask = 2147483647;
			files = (
			);
			runOnlyForDeploymentPostprocessing = 0;
		};
/* End PBXFrameworksBuildPhase section */

/* Begin PBXGroup section */
		D0314ADD28B02E8300032DDE /* JSON */ = {
			isa = PBXGroup;
			children = (
				D0314AE028B02ED200032DDE /* UserStaticData.json */,
				D0314AE228B0891C00032DDE /* SingleUserData.json */,
			);
			path = JSON;
			sourceTree = "<group>";
		};
		D0314AE828B2F35700032DDE /* Model */ = {
			isa = PBXGroup;
			children = (
				D0314AE928B2F36400032DDE /* Models.swift */,
			);
			path = Model;
			sourceTree = "<group>";
		};
		D0314AEB28B2F40900032DDE /* Mapper */ = {
			isa = PBXGroup;
			children = (
				D0314AEC28B2F42500032DDE /* StaticJSONMapper.swift */,
			);
			path = Mapper;
			sourceTree = "<group>";
		};
		D03DC34528B485D20094307C /* Views */ = {
			isa = PBXGroup;
			children = (
				D03DC34628B4865F0094307C /* PillView.swift */,
				D04AEFB128D188AD0011B124 /* CheckmarkPopoverView.swift */,
			);
			path = Views;
			sourceTree = "<group>";
		};
		D0508F9F28C9AAEB005FE580 /* API */ = {
			isa = PBXGroup;
			children = (
				D0508FA028C9AB0F005FE580 /* NetworkingManager.swift */,
			);
			path = API;
			sourceTree = "<group>";
		};
		D082682F289B6BE700377314 = {
			isa = PBXGroup;
			children = (
				D082683A289B6BE700377314 /* iOSTakeHomeProject */,
				D0826839289B6BE700377314 /* Products */,
			);
			sourceTree = "<group>";
		};
		D0826839289B6BE700377314 /* Products */ = {
			isa = PBXGroup;
			children = (
				D0826838289B6BE700377314 /* iOSTakeHomeProject.app */,
			);
			name = Products;
			sourceTree = "<group>";
		};
		D082683A289B6BE700377314 /* iOSTakeHomeProject */ = {
			isa = PBXGroup;
			children = (
				D0BF8CF7289EF4EF0045475C /* Info.plist */,
				D0826857289B88B200377314 /* Base */,
				D082684F289B883200377314 /* Features */,
				D082684A289B6DF300377314 /* Resources */,
				D082683B289B6BE700377314 /* iOSTakeHomeProjectApp.swift */,
				D082683F289B6BE800377314 /* Assets.xcassets */,
				D0826841289B6BE800377314 /* iOSTakeHomeProject.entitlements */,
				D0826842289B6BE800377314 /* Preview Content */,
			);
			path = iOSTakeHomeProject;
			sourceTree = "<group>";
		};
		D0826842289B6BE800377314 /* Preview Content */ = {
			isa = PBXGroup;
			children = (
				D0826843289B6BE800377314 /* Preview Assets.xcassets */,
			);
			path = "Preview Content";
			sourceTree = "<group>";
		};
		D082684A289B6DF300377314 /* Resources */ = {
			isa = PBXGroup;
			children = (
				D0314ADD28B02E8300032DDE /* JSON */,
				D082684B289B702900377314 /* Symbols.swift */,
				D082684D289B7B5A00377314 /* Theme.swift */,
			);
			path = Resources;
			sourceTree = "<group>";
		};
		D082684F289B883200377314 /* Features */ = {
			isa = PBXGroup;
			children = (
				D0826856289B887400377314 /* Settings */,
				D0826855289B886E00377314 /* Detail */,
				D0826854289B886800377314 /* Create */,
				D0826850289B883700377314 /* People */,
			);
			path = Features;
			sourceTree = "<group>";
		};
		D0826850289B883700377314 /* People */ = {
			isa = PBXGroup;
			children = (
				D0826853289B884300377314 /* Views */,
				D0826852289B884100377314 /* Model */,
				D0826851289B883F00377314 /* View Models */,
			);
			path = People;
			sourceTree = "<group>";
		};
		D0826851289B883F00377314 /* View Models */ = {
			isa = PBXGroup;
			children = (
				D0901E0528CC12AA00DC385C /* PeopleViewModel.swift */,
			);
			path = "View Models";
			sourceTree = "<group>";
		};
		D0826852289B884100377314 /* Model */ = {
			isa = PBXGroup;
			children = (
				D0314AE628B08EFC00032DDE /* UsersResponse.swift */,
			);
			path = Model;
			sourceTree = "<group>";
		};
		D0826853289B884300377314 /* Views */ = {
			isa = PBXGroup;
			children = (
				D0314AF028B306DD00032DDE /* PeopleView.swift */,
				D03DC34328B47F650094307C /* PersonItemView.swift */,
			);
			path = Views;
			sourceTree = "<group>";
		};
		D0826854289B886800377314 /* Create */ = {
			isa = PBXGroup;
			children = (
				D0B2A87928DAAE72006C6B9F /* Validator */,
				D082685A289B894700377314 /* View Models */,
				D0826859289B894300377314 /* Views */,
				D0826858289B893E00377314 /* Model */,
			);
			path = Create;
			sourceTree = "<group>";
		};
		D0826855289B886E00377314 /* Detail */ = {
			isa = PBXGroup;
			children = (
				D082685D289B895A00377314 /* View Models */,
				D082685C289B895600377314 /* Model */,
				D082685B289B895100377314 /* Views */,
			);
			path = Detail;
			sourceTree = "<group>";
		};
		D0826856289B887400377314 /* Settings */ = {
			isa = PBXGroup;
			children = (
				D082685E289B896100377314 /* Views */,
			);
			path = Settings;
			sourceTree = "<group>";
		};
		D0826857289B88B200377314 /* Base */ = {
			isa = PBXGroup;
			children = (
				D0508F9F28C9AAEB005FE580 /* API */,
				D03DC34528B485D20094307C /* Views */,
				D0314AEB28B2F40900032DDE /* Mapper */,
				D0314AE828B2F35700032DDE /* Model */,
			);
			path = Base;
			sourceTree = "<group>";
		};
		D0826858289B893E00377314 /* Model */ = {
			isa = PBXGroup;
			children = (
				D0901E0928CD6F5E00DC385C /* NewPerson.swift */,
			);
			path = Model;
			sourceTree = "<group>";
		};
		D0826859289B894300377314 /* Views */ = {
			isa = PBXGroup;
			children = (
				D0508F9D28BDC0D1005FE580 /* CreateView.swift */,
			);
			path = Views;
			sourceTree = "<group>";
		};
		D082685A289B894700377314 /* View Models */ = {
			isa = PBXGroup;
			children = (
				D0901E0B28CD6FD200DC385C /* CreateViewModel.swift */,
			);
			path = "View Models";
			sourceTree = "<group>";
		};
		D082685B289B895100377314 /* Views */ = {
			isa = PBXGroup;
			children = (
				D03D87C028B721170071DB88 /* DetailView.swift */,
			);
			path = Views;
			sourceTree = "<group>";
		};
		D082685C289B895600377314 /* Model */ = {
			isa = PBXGroup;
			children = (
				D0314AE428B08DB400032DDE /* UserDetailResponse.swift */,
			);
			path = Model;
			sourceTree = "<group>";
		};
		D082685D289B895A00377314 /* View Models */ = {
			isa = PBXGroup;
			children = (
				D0901E0728CC402E00DC385C /* DetailViewModel.swift */,
			);
			path = "View Models";
			sourceTree = "<group>";
		};
		D082685E289B896100377314 /* Views */ = {
			isa = PBXGroup;
			children = (
			);
			path = Views;
			sourceTree = "<group>";
		};
		D0B2A87928DAAE72006C6B9F /* Validator */ = {
			isa = PBXGroup;
			children = (
				D0B2A87A28DAAE86006C6B9F /* CreateValidator.swift */,
			);
			path = Validator;
			sourceTree = "<group>";
		};
/* End PBXGroup section */

/* Begin PBXNativeTarget section */
		D0826837289B6BE700377314 /* iOSTakeHomeProject */ = {
			isa = PBXNativeTarget;
			buildConfigurationList = D0826847289B6BE800377314 /* Build configuration list for PBXNativeTarget "iOSTakeHomeProject" */;
			buildPhases = (
				D0826834289B6BE700377314 /* Sources */,
				D0826835289B6BE700377314 /* Frameworks */,
				D0826836289B6BE700377314 /* Resources */,
			);
			buildRules = (
			);
			dependencies = (
			);
			name = iOSTakeHomeProject;
			productName = iOSTakeHomeProject;
			productReference = D0826838289B6BE700377314 /* iOSTakeHomeProject.app */;
			productType = "com.apple.product-type.application";
		};
/* End PBXNativeTarget section */

/* Begin PBXProject section */
		D0826830289B6BE700377314 /* Project object */ = {
			isa = PBXProject;
			attributes = {
				BuildIndependentTargetsInParallel = 1;
				LastSwiftUpdateCheck = 1400;
				LastUpgradeCheck = 1400;
				TargetAttributes = {
					D0826837289B6BE700377314 = {
						CreatedOnToolsVersion = 14.0;
					};
				};
			};
			buildConfigurationList = D0826833289B6BE700377314 /* Build configuration list for PBXProject "iOSTakeHomeProject" */;
			compatibilityVersion = "Xcode 14.0";
			developmentRegion = en;
			hasScannedForEncodings = 0;
			knownRegions = (
				en,
				Base,
			);
			mainGroup = D082682F289B6BE700377314;
			productRefGroup = D0826839289B6BE700377314 /* Products */;
			projectDirPath = "";
			projectRoot = "";
			targets = (
				D0826837289B6BE700377314 /* iOSTakeHomeProject */,
			);
		};
/* End PBXProject section */

/* Begin PBXResourcesBuildPhase section */
		D0826836289B6BE700377314 /* Resources */ = {
			isa = PBXResourcesBuildPhase;
			buildActionMask = 2147483647;
			files = (
				D0314AE128B02ED200032DDE /* UserStaticData.json in Resources */,
				D0826844289B6BE800377314 /* Preview Assets.xcassets in Resources */,
				D0314AE328B0891C00032DDE /* SingleUserData.json in Resources */,
				D0826840289B6BE800377314 /* Assets.xcassets in Resources */,
			);
			runOnlyForDeploymentPostprocessing = 0;
		};
/* End PBXResourcesBuildPhase section */

/* Begin PBXSourcesBuildPhase section */
		D0826834289B6BE700377314 /* Sources */ = {
			isa = PBXSourcesBuildPhase;
			buildActionMask = 2147483647;
			files = (
				D04AEFB228D188AD0011B124 /* CheckmarkPopoverView.swift in Sources */,
				D0314AED28B2F42500032DDE /* StaticJSONMapper.swift in Sources */,
				D03DC34728B4865F0094307C /* PillView.swift in Sources */,
				D0901E0828CC402E00DC385C /* DetailViewModel.swift in Sources */,
				D0901E0C28CD6FD200DC385C /* CreateViewModel.swift in Sources */,
				D082684C289B702900377314 /* Symbols.swift in Sources */,
				D0314AF128B306DD00032DDE /* PeopleView.swift in Sources */,
				D082684E289B7B5A00377314 /* Theme.swift in Sources */,
				D03D87C128B721170071DB88 /* DetailView.swift in Sources */,
				D0314AE528B08DB400032DDE /* UserDetailResponse.swift in Sources */,
				D082683C289B6BE700377314 /* iOSTakeHomeProjectApp.swift in Sources */,
				D0508FA128C9AB0F005FE580 /* NetworkingManager.swift in Sources */,
				D0314AE728B08EFC00032DDE /* UsersResponse.swift in Sources */,
				D0901E0A28CD6F5E00DC385C /* NewPerson.swift in Sources */,
				D03DC34428B47F650094307C /* PersonItemView.swift in Sources */,
				D0901E0628CC12AA00DC385C /* PeopleViewModel.swift in Sources */,
				D0B2A87B28DAAE86006C6B9F /* CreateValidator.swift in Sources */,
				D0508F9E28BDC0D1005FE580 /* CreateView.swift in Sources */,
				D0314AEA28B2F36400032DDE /* Models.swift in Sources */,
			);
			runOnlyForDeploymentPostprocessing = 0;
		};
/* End PBXSourcesBuildPhase section */

/* Begin XCBuildConfiguration section */
		D0826845289B6BE800377314 /* Debug */ = {
			isa = XCBuildConfiguration;
			buildSettings = {
				ALWAYS_SEARCH_USER_PATHS = NO;
				CLANG_ANALYZER_NONNULL = YES;
				CLANG_ANALYZER_NUMBER_OBJECT_CONVERSION = YES_AGGRESSIVE;
				CLANG_CXX_LANGUAGE_STANDARD = "gnu++20";
				CLANG_ENABLE_MODULES = YES;
				CLANG_ENABLE_OBJC_ARC = YES;
				CLANG_ENABLE_OBJC_WEAK = YES;
				CLANG_WARN_BLOCK_CAPTURE_AUTORELEASING = YES;
				CLANG_WARN_BOOL_CONVERSION = YES;
				CLANG_WARN_COMMA = YES;
				CLANG_WARN_CONSTANT_CONVERSION = YES;
				CLANG_WARN_DEPRECATED_OBJC_IMPLEMENTATIONS = YES;
				CLANG_WARN_DIRECT_OBJC_ISA_USAGE = YES_ERROR;
				CLANG_WARN_DOCUMENTATION_COMMENTS = YES;
				CLANG_WARN_EMPTY_BODY = YES;
				CLANG_WARN_ENUM_CONVERSION = YES;
				CLANG_WARN_INFINITE_RECURSION = YES;
				CLANG_WARN_INT_CONVERSION = YES;
				CLANG_WARN_NON_LITERAL_NULL_CONVERSION = YES;
				CLANG_WARN_OBJC_IMPLICIT_RETAIN_SELF = YES;
				CLANG_WARN_OBJC_LITERAL_CONVERSION = YES;
				CLANG_WARN_OBJC_ROOT_CLASS = YES_ERROR;
				CLANG_WARN_QUOTED_INCLUDE_IN_FRAMEWORK_HEADER = YES;
				CLANG_WARN_RANGE_LOOP_ANALYSIS = YES;
				CLANG_WARN_STRICT_PROTOTYPES = YES;
				CLANG_WARN_SUSPICIOUS_MOVE = YES;
				CLANG_WARN_UNGUARDED_AVAILABILITY = YES_AGGRESSIVE;
				CLANG_WARN_UNREACHABLE_CODE = YES;
				CLANG_WARN__DUPLICATE_METHOD_MATCH = YES;
				COPY_PHASE_STRIP = NO;
				DEBUG_INFORMATION_FORMAT = dwarf;
				ENABLE_STRICT_OBJC_MSGSEND = YES;
				ENABLE_TESTABILITY = YES;
				GCC_C_LANGUAGE_STANDARD = gnu11;
				GCC_DYNAMIC_NO_PIC = NO;
				GCC_NO_COMMON_BLOCKS = YES;
				GCC_OPTIMIZATION_LEVEL = 0;
				GCC_PREPROCESSOR_DEFINITIONS = (
					"DEBUG=1",
					"$(inherited)",
				);
				GCC_WARN_64_TO_32_BIT_CONVERSION = YES;
				GCC_WARN_ABOUT_RETURN_TYPE = YES_ERROR;
				GCC_WARN_UNDECLARED_SELECTOR = YES;
				GCC_WARN_UNINITIALIZED_AUTOS = YES_AGGRESSIVE;
				GCC_WARN_UNUSED_FUNCTION = YES;
				GCC_WARN_UNUSED_VARIABLE = YES;
				MTL_ENABLE_DEBUG_INFO = INCLUDE_SOURCE;
				MTL_FAST_MATH = YES;
				ONLY_ACTIVE_ARCH = YES;
				SWIFT_ACTIVE_COMPILATION_CONDITIONS = DEBUG;
				SWIFT_OPTIMIZATION_LEVEL = "-Onone";
			};
			name = Debug;
		};
		D0826846289B6BE800377314 /* Release */ = {
			isa = XCBuildConfiguration;
			buildSettings = {
				ALWAYS_SEARCH_USER_PATHS = NO;
				CLANG_ANALYZER_NONNULL = YES;
				CLANG_ANALYZER_NUMBER_OBJECT_CONVERSION = YES_AGGRESSIVE;
				CLANG_CXX_LANGUAGE_STANDARD = "gnu++20";
				CLANG_ENABLE_MODULES = YES;
				CLANG_ENABLE_OBJC_ARC = YES;
				CLANG_ENABLE_OBJC_WEAK = YES;
				CLANG_WARN_BLOCK_CAPTURE_AUTORELEASING = YES;
				CLANG_WARN_BOOL_CONVERSION = YES;
				CLANG_WARN_COMMA = YES;
				CLANG_WARN_CONSTANT_CONVERSION = YES;
				CLANG_WARN_DEPRECATED_OBJC_IMPLEMENTATIONS = YES;
				CLANG_WARN_DIRECT_OBJC_ISA_USAGE = YES_ERROR;
				CLANG_WARN_DOCUMENTATION_COMMENTS = YES;
				CLANG_WARN_EMPTY_BODY = YES;
				CLANG_WARN_ENUM_CONVERSION = YES;
				CLANG_WARN_INFINITE_RECURSION = YES;
				CLANG_WARN_INT_CONVERSION = YES;
				CLANG_WARN_NON_LITERAL_NULL_CONVERSION = YES;
				CLANG_WARN_OBJC_IMPLICIT_RETAIN_SELF = YES;
				CLANG_WARN_OBJC_LITERAL_CONVERSION = YES;
				CLANG_WARN_OBJC_ROOT_CLASS = YES_ERROR;
				CLANG_WARN_QUOTED_INCLUDE_IN_FRAMEWORK_HEADER = YES;
				CLANG_WARN_RANGE_LOOP_ANALYSIS = YES;
				CLANG_WARN_STRICT_PROTOTYPES = YES;
				CLANG_WARN_SUSPICIOUS_MOVE = YES;
				CLANG_WARN_UNGUARDED_AVAILABILITY = YES_AGGRESSIVE;
				CLANG_WARN_UNREACHABLE_CODE = YES;
				CLANG_WARN__DUPLICATE_METHOD_MATCH = YES;
				COPY_PHASE_STRIP = NO;
				DEBUG_INFORMATION_FORMAT = "dwarf-with-dsym";
				ENABLE_NS_ASSERTIONS = NO;
				ENABLE_STRICT_OBJC_MSGSEND = YES;
				GCC_C_LANGUAGE_STANDARD = gnu11;
				GCC_NO_COMMON_BLOCKS = YES;
				GCC_WARN_64_TO_32_BIT_CONVERSION = YES;
				GCC_WARN_ABOUT_RETURN_TYPE = YES_ERROR;
				GCC_WARN_UNDECLARED_SELECTOR = YES;
				GCC_WARN_UNINITIALIZED_AUTOS = YES_AGGRESSIVE;
				GCC_WARN_UNUSED_FUNCTION = YES;
				GCC_WARN_UNUSED_VARIABLE = YES;
				MTL_ENABLE_DEBUG_INFO = NO;
				MTL_FAST_MATH = YES;
				SWIFT_COMPILATION_MODE = wholemodule;
				SWIFT_OPTIMIZATION_LEVEL = "-O";
			};
			name = Release;
		};
		D0826848289B6BE800377314 /* Debug */ = {
			isa = XCBuildConfiguration;
			buildSettings = {
				ASSETCATALOG_COMPILER_APPICON_NAME = AppIcon;
				ASSETCATALOG_COMPILER_GLOBAL_ACCENT_COLOR_NAME = AccentColor;
				CODE_SIGN_ENTITLEMENTS = iOSTakeHomeProject/iOSTakeHomeProject.entitlements;
				CODE_SIGN_STYLE = Automatic;
				CURRENT_PROJECT_VERSION = 1;
				DEVELOPMENT_ASSET_PATHS = "\"iOSTakeHomeProject/Preview Content\"";
				DEVELOPMENT_TEAM = T36TC3XHYJ;
				ENABLE_HARDENED_RUNTIME = YES;
				ENABLE_PREVIEWS = YES;
				GENERATE_INFOPLIST_FILE = YES;
				INFOPLIST_FILE = iOSTakeHomeProject/Info.plist;
				"INFOPLIST_KEY_UIApplicationSceneManifest_Generation[sdk=iphoneos*]" = YES;
				"INFOPLIST_KEY_UIApplicationSceneManifest_Generation[sdk=iphonesimulator*]" = YES;
				"INFOPLIST_KEY_UIApplicationSupportsIndirectInputEvents[sdk=iphoneos*]" = YES;
				"INFOPLIST_KEY_UIApplicationSupportsIndirectInputEvents[sdk=iphonesimulator*]" = YES;
				"INFOPLIST_KEY_UILaunchScreen_Generation[sdk=iphoneos*]" = YES;
				"INFOPLIST_KEY_UILaunchScreen_Generation[sdk=iphonesimulator*]" = YES;
				INFOPLIST_KEY_UISupportedInterfaceOrientations_iPad = "UIInterfaceOrientationPortrait UIInterfaceOrientationPortraitUpsideDown UIInterfaceOrientationLandscapeLeft UIInterfaceOrientationLandscapeRight";
				INFOPLIST_KEY_UISupportedInterfaceOrientations_iPhone = "UIInterfaceOrientationPortrait UIInterfaceOrientationLandscapeLeft UIInterfaceOrientationLandscapeRight";
				IPHONEOS_DEPLOYMENT_TARGET = 16.0;
				LD_RUNPATH_SEARCH_PATHS = "@executable_path/Frameworks";
				"LD_RUNPATH_SEARCH_PATHS[sdk=macosx*]" = "@executable_path/../Frameworks";
				MACOSX_DEPLOYMENT_TARGET = 13.0;
				MARKETING_VERSION = 1.0;
				PRODUCT_BUNDLE_IDENTIFIER = com.Justin747.iOSTakeHomeProject;
				PRODUCT_NAME = "$(TARGET_NAME)";
				SDKROOT = auto;
				SUPPORTED_PLATFORMS = "iphoneos iphonesimulator macosx";
				SWIFT_EMIT_LOC_STRINGS = YES;
				SWIFT_VERSION = 5.0;
				TARGETED_DEVICE_FAMILY = "1,2";
			};
			name = Debug;
		};
		D0826849289B6BE800377314 /* Release */ = {
			isa = XCBuildConfiguration;
			buildSettings = {
				ASSETCATALOG_COMPILER_APPICON_NAME = AppIcon;
				ASSETCATALOG_COMPILER_GLOBAL_ACCENT_COLOR_NAME = AccentColor;
				CODE_SIGN_ENTITLEMENTS = iOSTakeHomeProject/iOSTakeHomeProject.entitlements;
				CODE_SIGN_STYLE = Automatic;
				CURRENT_PROJECT_VERSION = 1;
				DEVELOPMENT_ASSET_PATHS = "\"iOSTakeHomeProject/Preview Content\"";
				DEVELOPMENT_TEAM = T36TC3XHYJ;
				ENABLE_HARDENED_RUNTIME = YES;
				ENABLE_PREVIEWS = YES;
				GENERATE_INFOPLIST_FILE = YES;
				INFOPLIST_FILE = iOSTakeHomeProject/Info.plist;
				"INFOPLIST_KEY_UIApplicationSceneManifest_Generation[sdk=iphoneos*]" = YES;
				"INFOPLIST_KEY_UIApplicationSceneManifest_Generation[sdk=iphonesimulator*]" = YES;
				"INFOPLIST_KEY_UIApplicationSupportsIndirectInputEvents[sdk=iphoneos*]" = YES;
				"INFOPLIST_KEY_UIApplicationSupportsIndirectInputEvents[sdk=iphonesimulator*]" = YES;
				"INFOPLIST_KEY_UILaunchScreen_Generation[sdk=iphoneos*]" = YES;
				"INFOPLIST_KEY_UILaunchScreen_Generation[sdk=iphonesimulator*]" = YES;
				INFOPLIST_KEY_UISupportedInterfaceOrientations_iPad = "UIInterfaceOrientationPortrait UIInterfaceOrientationPortraitUpsideDown UIInterfaceOrientationLandscapeLeft UIInterfaceOrientationLandscapeRight";
				INFOPLIST_KEY_UISupportedInterfaceOrientations_iPhone = "UIInterfaceOrientationPortrait UIInterfaceOrientationLandscapeLeft UIInterfaceOrientationLandscapeRight";
				IPHONEOS_DEPLOYMENT_TARGET = 16.0;
				LD_RUNPATH_SEARCH_PATHS = "@executable_path/Frameworks";
				"LD_RUNPATH_SEARCH_PATHS[sdk=macosx*]" = "@executable_path/../Frameworks";
				MACOSX_DEPLOYMENT_TARGET = 13.0;
				MARKETING_VERSION = 1.0;
				PRODUCT_BUNDLE_IDENTIFIER = com.Justin747.iOSTakeHomeProject;
				PRODUCT_NAME = "$(TARGET_NAME)";
				SDKROOT = auto;
				SUPPORTED_PLATFORMS = "iphoneos iphonesimulator macosx";
				SWIFT_EMIT_LOC_STRINGS = YES;
				SWIFT_VERSION = 5.0;
				TARGETED_DEVICE_FAMILY = "1,2";
			};
			name = Release;
		};
/* End XCBuildConfiguration section */

/* Begin XCConfigurationList section */
		D0826833289B6BE700377314 /* Build configuration list for PBXProject "iOSTakeHomeProject" */ = {
			isa = XCConfigurationList;
			buildConfigurations = (
				D0826845289B6BE800377314 /* Debug */,
				D0826846289B6BE800377314 /* Release */,
			);
			defaultConfigurationIsVisible = 0;
			defaultConfigurationName = Release;
		};
		D0826847289B6BE800377314 /* Build configuration list for PBXNativeTarget "iOSTakeHomeProject" */ = {
			isa = XCConfigurationList;
			buildConfigurations = (
				D0826848289B6BE800377314 /* Debug */,
				D0826849289B6BE800377314 /* Release */,
			);
			defaultConfigurationIsVisible = 0;
			defaultConfigurationName = Release;
		};
/* End XCConfigurationList section */
	};
	rootObject = D0826830289B6BE700377314 /* Project object */;
}
